
Microsoft Visual Studio Solution File, Format Version 11.00
# Visual Studio 2010
Project("{8BC9CEB8-8B4A-11D0-8D11-00A0C91BC942}") = "MultiTaches", "MultiTaches.vcxproj", "{E35EA3D6-CC77-4B82-AE6C-54746C411319}"
EndProject
Global
	GlobalSection(SolutionConfigurationPlatforms) = preSolution
		Debug|Win32 = Debug|Win32
		Release|Win32 = Release|Win32
	EndGlobalSection
	GlobalSection(ProjectConfigurationPlatforms) = postSolution
		{E35EA3D6-CC77-4B82-AE6C-54746C411319}.Debug|Win32.ActiveCfg = Debug|Win32
		{E35EA3D6-CC77-4B82-AE6C-54746C411319}.Debug|Win32.Build.0 = Debug|Win32
		{E35EA3D6-CC77-4B82-AE6C-54746C411319}.Release|Win32.ActiveCfg = Release|Win32
		{E35EA3D6-CC77-4B82-AE6C-54746C411319}.Release|Win32.Build.0 = Release|Win32
	EndGlobalSection
	GlobalSection(SolutionProperties) = preSolution
		HideSolutionNode = FALSE
	EndGlobalSection
EndGlobal
